
Microsoft Visual Studio Solution File, Format Version 12.00
# Visual Studio 14
VisualStudioVersion = 14.0.25420.1
MinimumVisualStudioVersion = 10.0.40219.1
Project("{FAE04EC0-301F-11D3-BF4B-00C04F79EFBC}") = "ICServiceWrapper", "ICServiceWrapper\ICServiceWrapper.csproj", "{ACE305D0-F314-478A-BEC6-3A06B46EE66A}"
EndProject
Project("{FAE04EC0-301F-11D3-BF4B-00C04F79EFBC}") = "ICMVC", "ICMVC\ICMVC.csproj", "{3929CDC4-66A9-4FA5-BE14-58BBAC6BC173}"
EndProject
Global
	GlobalSection(SolutionConfigurationPlatforms) = preSolution
		Debug|Any CPU = Debug|Any CPU
		Release|Any CPU = Release|Any CPU
	EndGlobalSection
	GlobalSection(ProjectConfigurationPlatforms) = postSolution
		{ACE305D0-F314-478A-BEC6-3A06B46EE66A}.Debug|Any CPU.ActiveCfg = Debug|Any CPU
		{ACE305D0-F314-478A-BEC6-3A06B46EE66A}.Debug|Any CPU.Build.0 = Debug|Any CPU
		{ACE305D0-F314-478A-BEC6-3A06B46EE66A}.Release|Any CPU.ActiveCfg = Release|Any CPU
		{ACE305D0-F314-478A-BEC6-3A06B46EE66A}.Release|Any CPU.Build.0 = Release|Any CPU
		{3929CDC4-66A9-4FA5-BE14-58BBAC6BC173}.Debug|Any CPU.ActiveCfg = Debug|Any CPU
		{3929CDC4-66A9-4FA5-BE14-58BBAC6BC173}.Debug|Any CPU.Build.0 = Debug|Any CPU
		{3929CDC4-66A9-4FA5-BE14-58BBAC6BC173}.Release|Any CPU.ActiveCfg = Release|Any CPU
		{3929CDC4-66A9-4FA5-BE14-58BBAC6BC173}.Release|Any CPU.Build.0 = Release|Any CPU
	EndGlobalSection
	GlobalSection(SolutionProperties) = preSolution
		HideSolutionNode = FALSE
	EndGlobalSection
EndGlobal
